
Microsoft Visual Studio Solution File, Format Version 12.00
# Visual Studio Version 16
VisualStudioVersion = 16.0.31019.35
MinimumVisualStudioVersion = 10.0.40219.1
Project("{FAE04EC0-301F-11D3-BF4B-00C04F79EFBC}") = "restart1", "restart1\restart1.csproj", "{7323FFC7-2F8F-4C15-B980-39F95D365E4C}"
EndProject
Global
	GlobalSection(SolutionConfigurationPlatforms) = preSolution
		Debug|Any CPU = Debug|Any CPU
		Release|Any CPU = Release|Any CPU
	EndGlobalSection
	GlobalSection(ProjectConfigurationPlatforms) = postSolution
		{7323FFC7-2F8F-4C15-B980-39F95D365E4C}.Debug|Any CPU.ActiveCfg = Debug|Any CPU
		{7323FFC7-2F8F-4C15-B980-39F95D365E4C}.Debug|Any CPU.Build.0 = Debug|Any CPU
		{7323FFC7-2F8F-4C15-B980-39F95D365E4C}.Release|Any CPU.ActiveCfg = Release|Any CPU
		{7323FFC7-2F8F-4C15-B980-39F95D365E4C}.Release|Any CPU.Build.0 = Release|Any CPU
	EndGlobalSection
	GlobalSection(SolutionProperties) = preSolution
		HideSolutionNode = FALSE
	EndGlobalSection
	GlobalSection(ExtensibilityGlobals) = postSolution
		SolutionGuid = {AC365641-F116-48C7-9A7D-EC0EAF7D45EE}
	EndGlobalSection
EndGlobal
