
Microsoft Visual Studio Solution File, Format Version 12.00
# Visual Studio Version 16
VisualStudioVersion = 16.0.31019.35
MinimumVisualStudioVersion = 10.0.40219.1
Project("{FAE04EC0-301F-11D3-BF4B-00C04F79EFBC}") = "WindowsFormsApp2", "WindowsFormsApp2\WindowsFormsApp2.csproj", "{6C100240-2CD5-44E8-B935-0E8738F38C84}"
EndProject
Global
	GlobalSection(SolutionConfigurationPlatforms) = preSolution
		Debug|Any CPU = Debug|Any CPU
		Release|Any CPU = Release|Any CPU
	EndGlobalSection
	GlobalSection(ProjectConfigurationPlatforms) = postSolution
		{6C100240-2CD5-44E8-B935-0E8738F38C84}.Debug|Any CPU.ActiveCfg = Debug|Any CPU
		{6C100240-2CD5-44E8-B935-0E8738F38C84}.Debug|Any CPU.Build.0 = Debug|Any CPU
		{6C100240-2CD5-44E8-B935-0E8738F38C84}.Release|Any CPU.ActiveCfg = Release|Any CPU
		{6C100240-2CD5-44E8-B935-0E8738F38C84}.Release|Any CPU.Build.0 = Release|Any CPU
	EndGlobalSection
	GlobalSection(SolutionProperties) = preSolution
		HideSolutionNode = FALSE
	EndGlobalSection
	GlobalSection(ExtensibilityGlobals) = postSolution
		SolutionGuid = {C8A05933-5F3C-4C0E-9112-3A0184A8E160}
	EndGlobalSection
EndGlobal
