
Microsoft Visual Studio Solution File, Format Version 12.00
# Visual Studio Version 16
VisualStudioVersion = 16.0.31019.35
MinimumVisualStudioVersion = 10.0.40219.1
Project("{FAE04EC0-301F-11D3-BF4B-00C04F79EFBC}") = "VP4.2", "VP4.2\VP4.2.csproj", "{F1EDA048-AD43-457A-8D5F-67E1F1D37122}"
EndProject
Global
	GlobalSection(SolutionConfigurationPlatforms) = preSolution
		Debug|Any CPU = Debug|Any CPU
		Release|Any CPU = Release|Any CPU
	EndGlobalSection
	GlobalSection(ProjectConfigurationPlatforms) = postSolution
		{F1EDA048-AD43-457A-8D5F-67E1F1D37122}.Debug|Any CPU.ActiveCfg = Debug|Any CPU
		{F1EDA048-AD43-457A-8D5F-67E1F1D37122}.Debug|Any CPU.Build.0 = Debug|Any CPU
		{F1EDA048-AD43-457A-8D5F-67E1F1D37122}.Release|Any CPU.ActiveCfg = Release|Any CPU
		{F1EDA048-AD43-457A-8D5F-67E1F1D37122}.Release|Any CPU.Build.0 = Release|Any CPU
	EndGlobalSection
	GlobalSection(SolutionProperties) = preSolution
		HideSolutionNode = FALSE
	EndGlobalSection
	GlobalSection(ExtensibilityGlobals) = postSolution
		SolutionGuid = {CF3D9D6B-29C3-4AED-8886-EE75DAD1B366}
	EndGlobalSection
EndGlobal
