
Microsoft Visual Studio Solution File, Format Version 12.00
# Visual Studio Version 16
VisualStudioVersion = 16.0.31019.35
MinimumVisualStudioVersion = 10.0.40219.1
Project("{FAE04EC0-301F-11D3-BF4B-00C04F79EFBC}") = "3-1-1", "3-1-1\3-1-1.csproj", "{5115F195-FF78-4855-BFB8-DE8FF3B60715}"
EndProject
Global
	GlobalSection(SolutionConfigurationPlatforms) = preSolution
		Debug|Any CPU = Debug|Any CPU
		Release|Any CPU = Release|Any CPU
	EndGlobalSection
	GlobalSection(ProjectConfigurationPlatforms) = postSolution
		{5115F195-FF78-4855-BFB8-DE8FF3B60715}.Debug|Any CPU.ActiveCfg = Debug|Any CPU
		{5115F195-FF78-4855-BFB8-DE8FF3B60715}.Debug|Any CPU.Build.0 = Debug|Any CPU
		{5115F195-FF78-4855-BFB8-DE8FF3B60715}.Release|Any CPU.ActiveCfg = Release|Any CPU
		{5115F195-FF78-4855-BFB8-DE8FF3B60715}.Release|Any CPU.Build.0 = Release|Any CPU
	EndGlobalSection
	GlobalSection(SolutionProperties) = preSolution
		HideSolutionNode = FALSE
	EndGlobalSection
	GlobalSection(ExtensibilityGlobals) = postSolution
		SolutionGuid = {9E25A3A8-CA27-4955-8C28-74985CEE8546}
	EndGlobalSection
EndGlobal
