
Microsoft Visual Studio Solution File, Format Version 12.00
# Visual Studio Version 16
VisualStudioVersion = 16.0.31019.35
MinimumVisualStudioVersion = 10.0.40219.1
Project("{FAE04EC0-301F-11D3-BF4B-00C04F79EFBC}") = "10_2성적입력기", "10_2성적입력기\10_2성적입력기.csproj", "{4AAAEB7A-6A3D-4474-BA3F-BCA2E656263D}"
EndProject
Project("{FAE04EC0-301F-11D3-BF4B-00C04F79EFBC}") = "10_2이름_나이입력", "10_2이름_나이입력\10_2이름_나이입력.csproj", "{B3306989-7034-4B25-87A3-984F1F66F9D9}"
EndProject
Global
	GlobalSection(SolutionConfigurationPlatforms) = preSolution
		Debug|Any CPU = Debug|Any CPU
		Release|Any CPU = Release|Any CPU
	EndGlobalSection
	GlobalSection(ProjectConfigurationPlatforms) = postSolution
		{4AAAEB7A-6A3D-4474-BA3F-BCA2E656263D}.Debug|Any CPU.ActiveCfg = Debug|Any CPU
		{4AAAEB7A-6A3D-4474-BA3F-BCA2E656263D}.Debug|Any CPU.Build.0 = Debug|Any CPU
		{4AAAEB7A-6A3D-4474-BA3F-BCA2E656263D}.Release|Any CPU.ActiveCfg = Release|Any CPU
		{4AAAEB7A-6A3D-4474-BA3F-BCA2E656263D}.Release|Any CPU.Build.0 = Release|Any CPU
		{B3306989-7034-4B25-87A3-984F1F66F9D9}.Debug|Any CPU.ActiveCfg = Debug|Any CPU
		{B3306989-7034-4B25-87A3-984F1F66F9D9}.Debug|Any CPU.Build.0 = Debug|Any CPU
		{B3306989-7034-4B25-87A3-984F1F66F9D9}.Release|Any CPU.ActiveCfg = Release|Any CPU
		{B3306989-7034-4B25-87A3-984F1F66F9D9}.Release|Any CPU.Build.0 = Release|Any CPU
	EndGlobalSection
	GlobalSection(SolutionProperties) = preSolution
		HideSolutionNode = FALSE
	EndGlobalSection
	GlobalSection(ExtensibilityGlobals) = postSolution
		SolutionGuid = {5800822B-E9F9-4A03-B4B3-CAAA9A31B50E}
	EndGlobalSection
EndGlobal
