
Microsoft Visual Studio Solution File, Format Version 12.00
# Visual Studio Version 16
VisualStudioVersion = 16.0.31019.35
MinimumVisualStudioVersion = 10.0.40219.1
Project("{FAE04EC0-301F-11D3-BF4B-00C04F79EFBC}") = "2week2-2", "2week2-2\2week2-2.csproj", "{3759B002-3C5A-4D1C-A549-96041CD9C990}"
EndProject
Global
	GlobalSection(SolutionConfigurationPlatforms) = preSolution
		Debug|Any CPU = Debug|Any CPU
		Release|Any CPU = Release|Any CPU
	EndGlobalSection
	GlobalSection(ProjectConfigurationPlatforms) = postSolution
		{3759B002-3C5A-4D1C-A549-96041CD9C990}.Debug|Any CPU.ActiveCfg = Debug|Any CPU
		{3759B002-3C5A-4D1C-A549-96041CD9C990}.Debug|Any CPU.Build.0 = Debug|Any CPU
		{3759B002-3C5A-4D1C-A549-96041CD9C990}.Release|Any CPU.ActiveCfg = Release|Any CPU
		{3759B002-3C5A-4D1C-A549-96041CD9C990}.Release|Any CPU.Build.0 = Release|Any CPU
	EndGlobalSection
	GlobalSection(SolutionProperties) = preSolution
		HideSolutionNode = FALSE
	EndGlobalSection
	GlobalSection(ExtensibilityGlobals) = postSolution
		SolutionGuid = {68A2FF28-E762-4596-AF31-DB1024066197}
	EndGlobalSection
EndGlobal
