
Microsoft Visual Studio Solution File, Format Version 12.00
# Visual Studio Version 16
VisualStudioVersion = 16.0.31019.35
MinimumVisualStudioVersion = 10.0.40219.1
Project("{FAE04EC0-301F-11D3-BF4B-00C04F79EFBC}") = "VP4(영화사이트)", "VP4(영화사이트)\VP4(영화사이트).csproj", "{5DB7ECDE-BE8F-4939-A2BE-278FF8810246}"
EndProject
Global
	GlobalSection(SolutionConfigurationPlatforms) = preSolution
		Debug|Any CPU = Debug|Any CPU
		Release|Any CPU = Release|Any CPU
	EndGlobalSection
	GlobalSection(ProjectConfigurationPlatforms) = postSolution
		{5DB7ECDE-BE8F-4939-A2BE-278FF8810246}.Debug|Any CPU.ActiveCfg = Debug|Any CPU
		{5DB7ECDE-BE8F-4939-A2BE-278FF8810246}.Debug|Any CPU.Build.0 = Debug|Any CPU
		{5DB7ECDE-BE8F-4939-A2BE-278FF8810246}.Release|Any CPU.ActiveCfg = Release|Any CPU
		{5DB7ECDE-BE8F-4939-A2BE-278FF8810246}.Release|Any CPU.Build.0 = Release|Any CPU
	EndGlobalSection
	GlobalSection(SolutionProperties) = preSolution
		HideSolutionNode = FALSE
	EndGlobalSection
	GlobalSection(ExtensibilityGlobals) = postSolution
		SolutionGuid = {B1F5AD58-A80D-4AF1-95C1-C94461A6B140}
	EndGlobalSection
EndGlobal
