
Microsoft Visual Studio Solution File, Format Version 12.00
# Visual Studio Version 16
VisualStudioVersion = 16.0.31019.35
MinimumVisualStudioVersion = 10.0.40219.1
Project("{FAE04EC0-301F-11D3-BF4B-00C04F79EFBC}") = "10_1리스트_컬렉션", "10_1리스트_컬렉션\10_1리스트_컬렉션.csproj", "{FEC22883-4175-434E-B677-2EE328CE8930}"
EndProject
Global
	GlobalSection(SolutionConfigurationPlatforms) = preSolution
		Debug|Any CPU = Debug|Any CPU
		Release|Any CPU = Release|Any CPU
	EndGlobalSection
	GlobalSection(ProjectConfigurationPlatforms) = postSolution
		{FEC22883-4175-434E-B677-2EE328CE8930}.Debug|Any CPU.ActiveCfg = Debug|Any CPU
		{FEC22883-4175-434E-B677-2EE328CE8930}.Debug|Any CPU.Build.0 = Debug|Any CPU
		{FEC22883-4175-434E-B677-2EE328CE8930}.Release|Any CPU.ActiveCfg = Release|Any CPU
		{FEC22883-4175-434E-B677-2EE328CE8930}.Release|Any CPU.Build.0 = Release|Any CPU
	EndGlobalSection
	GlobalSection(SolutionProperties) = preSolution
		HideSolutionNode = FALSE
	EndGlobalSection
	GlobalSection(ExtensibilityGlobals) = postSolution
		SolutionGuid = {F6D58F62-D805-40F2-94B3-65398CFFDFED}
	EndGlobalSection
EndGlobal
